
Microsoft Visual Studio Solution File, Format Version 12.00
# Visual Studio Version 17
VisualStudioVersion = 17.13.35931.197 d17.13
MinimumVisualStudioVersion = 10.0.40219.1
Project("{FAE04EC0-301F-11D3-BF4B-00C04F79EFBC}") = "Task 1 Net", "Task 1 Net\Task 1 Net.csproj", "{ABC7DE20-057E-464A-A529-86E6D63A4068}"
EndProject
Project("{FAE04EC0-301F-11D3-BF4B-00C04F79EFBC}") = "ControlLib", "ControlLib\ControlLib.csproj", "{51B9512A-0E80-45D9-B1B3-4CCE96C1BF67}"
EndProject
Global
	GlobalSection(SolutionConfigurationPlatforms) = preSolution
		Debug|Any CPU = Debug|Any CPU
		Release|Any CPU = Release|Any CPU
	EndGlobalSection
	GlobalSection(ProjectConfigurationPlatforms) = postSolution
		{ABC7DE20-057E-464A-A529-86E6D63A4068}.Debug|Any CPU.ActiveCfg = Debug|Any CPU
		{ABC7DE20-057E-464A-A529-86E6D63A4068}.Debug|Any CPU.Build.0 = Debug|Any CPU
		{ABC7DE20-057E-464A-A529-86E6D63A4068}.Release|Any CPU.ActiveCfg = Release|Any CPU
		{ABC7DE20-057E-464A-A529-86E6D63A4068}.Release|Any CPU.Build.0 = Release|Any CPU
		{51B9512A-0E80-45D9-B1B3-4CCE96C1BF67}.Debug|Any CPU.ActiveCfg = Debug|Any CPU
		{51B9512A-0E80-45D9-B1B3-4CCE96C1BF67}.Debug|Any CPU.Build.0 = Debug|Any CPU
		{51B9512A-0E80-45D9-B1B3-4CCE96C1BF67}.Release|Any CPU.ActiveCfg = Release|Any CPU
		{51B9512A-0E80-45D9-B1B3-4CCE96C1BF67}.Release|Any CPU.Build.0 = Release|Any CPU
	EndGlobalSection
	GlobalSection(SolutionProperties) = preSolution
		HideSolutionNode = FALSE
	EndGlobalSection
	GlobalSection(ExtensibilityGlobals) = postSolution
		SolutionGuid = {66C7A8F5-C731-4598-8DDE-4E24FC30CA41}
	EndGlobalSection
EndGlobal
